// !$*UTF8*$!
{
	archiveVersion = 1;
	classes = {
	};
	objectVersion = 46;
	objects = {

/* Begin PBXBuildFile section */
		7D6D514A1DFC8F5300B9FFBE /* DetailsVC.swift in Sources */ = {isa = PBXBuildFile; fileRef = 7D6D51491DFC8F5300B9FFBE /* DetailsVC.swift */; };
		7D6D514C1DFC90CE00B9FFBE /* DonatersVC.swift in Sources */ = {isa = PBXBuildFile; fileRef = 7D6D514B1DFC90CE00B9FFBE /* DonatersVC.swift */; };
		7D6D514E1DFC90EF00B9FFBE /* EmergencyVC.swift in Sources */ = {isa = PBXBuildFile; fileRef = 7D6D514D1DFC90EF00B9FFBE /* EmergencyVC.swift */; };
		7D6D51501DFCA27000B9FFBE /* MapVC.swift in Sources */ = {isa = PBXBuildFile; fileRef = 7D6D514F1DFCA27000B9FFBE /* MapVC.swift */; };
		7D6D51521DFCA28400B9FFBE /* VolunteersVC.swift in Sources */ = {isa = PBXBuildFile; fileRef = 7D6D51511DFCA28400B9FFBE /* VolunteersVC.swift */; };
		7DAC8BFE1DFC7728005D170D /* AppDelegate.swift in Sources */ = {isa = PBXBuildFile; fileRef = 7DAC8BFD1DFC7728005D170D /* AppDelegate.swift */; };
		7DAC8C001DFC7728005D170D /* MainVC.swift in Sources */ = {isa = PBXBuildFile; fileRef = 7DAC8BFF1DFC7728005D170D /* MainVC.swift */; };
		7DAC8C031DFC7728005D170D /* Main.storyboard in Resources */ = {isa = PBXBuildFile; fileRef = 7DAC8C011DFC7728005D170D /* Main.storyboard */; };
		7DAC8C051DFC7728005D170D /* Assets.xcassets in Resources */ = {isa = PBXBuildFile; fileRef = 7DAC8C041DFC7728005D170D /* Assets.xcassets */; };
		7DAC8C081DFC7728005D170D /* LaunchScreen.storyboard in Resources */ = {isa = PBXBuildFile; fileRef = 7DAC8C061DFC7728005D170D /* LaunchScreen.storyboard */; };
		7DAC8C131DFC7CF6005D170D /* CircularButton.swift in Sources */ = {isa = PBXBuildFile; fileRef = 7DAC8C121DFC7CF6005D170D /* CircularButton.swift */; };
		7DAC8C161DFC7D66005D170D /* Constants.swift in Sources */ = {isa = PBXBuildFile; fileRef = 7DAC8C151DFC7D66005D170D /* Constants.swift */; };
		7DC2C5781DFCAC92007F5AFF /* GoogleService-Info.plist in Resources */ = {isa = PBXBuildFile; fileRef = 7DC2C5771DFCAC92007F5AFF /* GoogleService-Info.plist */; };
		7DC2C57A1DFCB0B9007F5AFF /* CustomCell.swift in Sources */ = {isa = PBXBuildFile; fileRef = 7DC2C5791DFCB0B9007F5AFF /* CustomCell.swift */; };
		7DC2C57C1DFCB0E9007F5AFF /* DonaterData.swift in Sources */ = {isa = PBXBuildFile; fileRef = 7DC2C57B1DFCB0E9007F5AFF /* DonaterData.swift */; };
		7DC2C57E1DFCC7DA007F5AFF /* VolunteerCell.swift in Sources */ = {isa = PBXBuildFile; fileRef = 7DC2C57D1DFCC7DA007F5AFF /* VolunteerCell.swift */; };
		7DC2C5801DFCCA62007F5AFF /* VolunteerData.swift in Sources */ = {isa = PBXBuildFile; fileRef = 7DC2C57F1DFCCA62007F5AFF /* VolunteerData.swift */; };
		7DC2C5821DFD1442007F5AFF /* Report.swift in Sources */ = {isa = PBXBuildFile; fileRef = 7DC2C5811DFD1442007F5AFF /* Report.swift */; };
		CF45BE7CEF294A3EDBD61224 /* Pods_Calamity_Control.framework in Frameworks */ = {isa = PBXBuildFile; fileRef = 14C574EA8FF690C4CF1069B7 /* Pods_Calamity_Control.framework */; };
/* End PBXBuildFile section */

/* Begin PBXFileReference section */
		14C574EA8FF690C4CF1069B7 /* Pods_Calamity_Control.framework */ = {isa = PBXFileReference; explicitFileType = wrapper.framework; includeInIndex = 0; path = Pods_Calamity_Control.framework; sourceTree = BUILT_PRODUCTS_DIR; };
		7D6D51491DFC8F5300B9FFBE /* DetailsVC.swift */ = {isa = PBXFileReference; fileEncoding = 4; lastKnownFileType = sourcecode.swift; path = DetailsVC.swift; sourceTree = "<group>"; };
		7D6D514B1DFC90CE00B9FFBE /* DonatersVC.swift */ = {isa = PBXFileReference; fileEncoding = 4; lastKnownFileType = sourcecode.swift; path = DonatersVC.swift; sourceTree = "<group>"; };
		7D6D514D1DFC90EF00B9FFBE /* EmergencyVC.swift */ = {isa = PBXFileReference; fileEncoding = 4; lastKnownFileType = sourcecode.swift; path = EmergencyVC.swift; sourceTree = "<group>"; };
		7D6D514F1DFCA27000B9FFBE /* MapVC.swift */ = {isa = PBXFileReference; fileEncoding = 4; lastKnownFileType = sourcecode.swift; path = MapVC.swift; sourceTree = "<group>"; };
		7D6D51511DFCA28400B9FFBE /* VolunteersVC.swift */ = {isa = PBXFileReference; fileEncoding = 4; lastKnownFileType = sourcecode.swift; path = VolunteersVC.swift; sourceTree = "<group>"; };
		7DAC8BFA1DFC7728005D170D /* Calamity Control.app */ = {isa = PBXFileReference; explicitFileType = wrapper.application; includeInIndex = 0; path = "Calamity Control.app"; sourceTree = BUILT_PRODUCTS_DIR; };
		7DAC8BFD1DFC7728005D170D /* AppDelegate.swift */ = {isa = PBXFileReference; lastKnownFileType = sourcecode.swift; path = AppDelegate.swift; sourceTree = "<group>"; };
		7DAC8BFF1DFC7728005D170D /* MainVC.swift */ = {isa = PBXFileReference; lastKnownFileType = sourcecode.swift; path = MainVC.swift; sourceTree = "<group>"; };
		7DAC8C021DFC7728005D170D /* Base */ = {isa = PBXFileReference; lastKnownFileType = file.storyboard; name = Base; path = Base.lproj/Main.storyboard; sourceTree = "<group>"; };
		7DAC8C041DFC7728005D170D /* Assets.xcassets */ = {isa = PBXFileReference; lastKnownFileType = folder.assetcatalog; path = Assets.xcassets; sourceTree = "<group>"; };
		7DAC8C071DFC7728005D170D /* Base */ = {isa = PBXFileReference; lastKnownFileType = file.storyboard; name = Base; path = Base.lproj/LaunchScreen.storyboard; sourceTree = "<group>"; };
		7DAC8C091DFC7728005D170D /* Info.plist */ = {isa = PBXFileReference; lastKnownFileType = text.plist.xml; path = Info.plist; sourceTree = "<group>"; };
		7DAC8C121DFC7CF6005D170D /* CircularButton.swift */ = {isa = PBXFileReference; fileEncoding = 4; lastKnownFileType = sourcecode.swift; path = CircularButton.swift; sourceTree = "<group>"; };
		7DAC8C151DFC7D66005D170D /* Constants.swift */ = {isa = PBXFileReference; fileEncoding = 4; lastKnownFileType = sourcecode.swift; path = Constants.swift; sourceTree = "<group>"; };
		7DC2C5771DFCAC92007F5AFF /* GoogleService-Info.plist */ = {isa = PBXFileReference; fileEncoding = 4; lastKnownFileType = text.plist.xml; path = "GoogleService-Info.plist"; sourceTree = "<group>"; };
		7DC2C5791DFCB0B9007F5AFF /* CustomCell.swift */ = {isa = PBXFileReference; fileEncoding = 4; lastKnownFileType = sourcecode.swift; path = CustomCell.swift; sourceTree = "<group>"; };
		7DC2C57B1DFCB0E9007F5AFF /* DonaterData.swift */ = {isa = PBXFileReference; fileEncoding = 4; lastKnownFileType = sourcecode.swift; path = DonaterData.swift; sourceTree = "<group>"; };
		7DC2C57D1DFCC7DA007F5AFF /* VolunteerCell.swift */ = {isa = PBXFileReference; fileEncoding = 4; lastKnownFileType = sourcecode.swift; path = VolunteerCell.swift; sourceTree = "<group>"; };
		7DC2C57F1DFCCA62007F5AFF /* VolunteerData.swift */ = {isa = PBXFileReference; fileEncoding = 4; lastKnownFileType = sourcecode.swift; path = VolunteerData.swift; sourceTree = "<group>"; };
		7DC2C5811DFD1442007F5AFF /* Report.swift */ = {isa = PBXFileReference; fileEncoding = 4; lastKnownFileType = sourcecode.swift; path = Report.swift; sourceTree = "<group>"; };
		8BFB6BFF627F4B3C59364C66 /* Pods-Calamity Control.release.xcconfig */ = {isa = PBXFileReference; includeInIndex = 1; lastKnownFileType = text.xcconfig; name = "Pods-Calamity Control.release.xcconfig"; path = "Pods/Target Support Files/Pods-Calamity Control/Pods-Calamity Control.release.xcconfig"; sourceTree = "<group>"; };
		98CA873BAF153B669245136B /* Pods-Calamity Control.debug.xcconfig */ = {isa = PBXFileReference; includeInIndex = 1; lastKnownFileType = text.xcconfig; name = "Pods-Calamity Control.debug.xcconfig"; path = "Pods/Target Support Files/Pods-Calamity Control/Pods-Calamity Control.debug.xcconfig"; sourceTree = "<group>"; };
/* End PBXFileReference section */

/* Begin PBXFrameworksBuildPhase section */
		7DAC8BF71DFC7728005D170D /* Frameworks */ = {
			isa = PBXFrameworksBuildPhase;
			buildActionMask = 2147483647;
			files = (
				CF45BE7CEF294A3EDBD61224 /* Pods_Calamity_Control.framework in Frameworks */,
			);
			runOnlyForDeploymentPostprocessing = 0;
		};
/* End PBXFrameworksBuildPhase section */

/* Begin PBXGroup section */
		56C1B03261A3C757ACAED539 /* Frameworks */ = {
			isa = PBXGroup;
			children = (
				14C574EA8FF690C4CF1069B7 /* Pods_Calamity_Control.framework */,
			);
			name = Frameworks;
			sourceTree = "<group>";
		};
		662FE94CBC803E802162D217 /* Pods */ = {
			isa = PBXGroup;
			children = (
				98CA873BAF153B669245136B /* Pods-Calamity Control.debug.xcconfig */,
				8BFB6BFF627F4B3C59364C66 /* Pods-Calamity Control.release.xcconfig */,
			);
			name = Pods;
			sourceTree = "<group>";
		};
		7DAC8BF11DFC7728005D170D = {
			isa = PBXGroup;
			children = (
				7DAC8BFC1DFC7728005D170D /* Calamity Control */,
				7DAC8BFB1DFC7728005D170D /* Products */,
				662FE94CBC803E802162D217 /* Pods */,
				56C1B03261A3C757ACAED539 /* Frameworks */,
			);
			sourceTree = "<group>";
		};
		7DAC8BFB1DFC7728005D170D /* Products */ = {
			isa = PBXGroup;
			children = (
				7DAC8BFA1DFC7728005D170D /* Calamity Control.app */,
			);
			name = Products;
			sourceTree = "<group>";
		};
		7DAC8BFC1DFC7728005D170D /* Calamity Control */ = {
			isa = PBXGroup;
			children = (
				7DC2C5771DFCAC92007F5AFF /* GoogleService-Info.plist */,
				7DAC8C141DFC7D53005D170D /* Util */,
				7DAC8C111DFC7769005D170D /* Model */,
				7DAC8C101DFC7763005D170D /* View */,
				7DAC8C0F1DFC775C005D170D /* Controller */,
				7DAC8BFD1DFC7728005D170D /* AppDelegate.swift */,
				7DAC8C011DFC7728005D170D /* Main.storyboard */,
				7DAC8C041DFC7728005D170D /* Assets.xcassets */,
				7DAC8C061DFC7728005D170D /* LaunchScreen.storyboard */,
				7DAC8C091DFC7728005D170D /* Info.plist */,
			);
			path = "Calamity Control";
			sourceTree = "<group>";
		};
		7DAC8C0F1DFC775C005D170D /* Controller */ = {
			isa = PBXGroup;
			children = (
				7DAC8BFF1DFC7728005D170D /* MainVC.swift */,
				7D6D51491DFC8F5300B9FFBE /* DetailsVC.swift */,
				7D6D514B1DFC90CE00B9FFBE /* DonatersVC.swift */,
				7D6D514D1DFC90EF00B9FFBE /* EmergencyVC.swift */,
				7D6D514F1DFCA27000B9FFBE /* MapVC.swift */,
				7D6D51511DFCA28400B9FFBE /* VolunteersVC.swift */,
			);
			name = Controller;
			sourceTree = "<group>";
		};
		7DAC8C101DFC7763005D170D /* View */ = {
			isa = PBXGroup;
			children = (
				7DAC8C121DFC7CF6005D170D /* CircularButton.swift */,
				7DC2C5791DFCB0B9007F5AFF /* CustomCell.swift */,
				7DC2C57D1DFCC7DA007F5AFF /* VolunteerCell.swift */,
			);
			name = View;
			sourceTree = "<group>";
		};
		7DAC8C111DFC7769005D170D /* Model */ = {
			isa = PBXGroup;
			children = (
				7DC2C57B1DFCB0E9007F5AFF /* DonaterData.swift */,
				7DC2C57F1DFCCA62007F5AFF /* VolunteerData.swift */,
				7DC2C5811DFD1442007F5AFF /* Report.swift */,
			);
			name = Model;
			sourceTree = "<group>";
		};
		7DAC8C141DFC7D53005D170D /* Util */ = {
			isa = PBXGroup;
			children = (
				7DAC8C151DFC7D66005D170D /* Constants.swift */,
			);
			name = Util;
			sourceTree = "<group>";
		};
/* End PBXGroup section */

/* Begin PBXNativeTarget section */
		7DAC8BF91DFC7728005D170D /* Calamity Control */ = {
			isa = PBXNativeTarget;
			buildConfigurationList = 7DAC8C0C1DFC7728005D170D /* Build configuration list for PBXNativeTarget "Calamity Control" */;
			buildPhases = (
				C072DD8E9EF4D2E903CBD8C3 /* [CP] Check Pods Manifest.lock */,
				7DAC8BF61DFC7728005D170D /* Sources */,
				7DAC8BF71DFC7728005D170D /* Frameworks */,
				7DAC8BF81DFC7728005D170D /* Resources */,
				E625FFA4ED9F4BE275AF1E4C /* [CP] Embed Pods Frameworks */,
				BBA1383358ED5FA592D1E6E1 /* [CP] Copy Pods Resources */,
			);
			buildRules = (
			);
			dependencies = (
			);
			name = "Calamity Control";
			productName = "Calamity Control";
			productReference = 7DAC8BFA1DFC7728005D170D /* Calamity Control.app */;
			productType = "com.apple.product-type.application";
		};
/* End PBXNativeTarget section */

/* Begin PBXProject section */
		7DAC8BF21DFC7728005D170D /* Project object */ = {
			isa = PBXProject;
			attributes = {
				LastSwiftUpdateCheck = 0810;
				LastUpgradeCheck = 0810;
				ORGANIZATIONNAME = "Darshan Gowda";
				TargetAttributes = {
					7DAC8BF91DFC7728005D170D = {
						CreatedOnToolsVersion = 8.1;
						ProvisioningStyle = Automatic;
					};
				};
			};
			buildConfigurationList = 7DAC8BF51DFC7728005D170D /* Build configuration list for PBXProject "Calamity Control" */;
			compatibilityVersion = "Xcode 3.2";
			developmentRegion = English;
			hasScannedForEncodings = 0;
			knownRegions = (
				en,
				Base,
			);
			mainGroup = 7DAC8BF11DFC7728005D170D;
			productRefGroup = 7DAC8BFB1DFC7728005D170D /* Products */;
			projectDirPath = "";
			projectRoot = "";
			targets = (
				7DAC8BF91DFC7728005D170D /* Calamity Control */,
			);
		};
/* End PBXProject section */

/* Begin PBXResourcesBuildPhase section */
		7DAC8BF81DFC7728005D170D /* Resources */ = {
			isa = PBXResourcesBuildPhase;
			buildActionMask = 2147483647;
			files = (
				7DAC8C081DFC7728005D170D /* LaunchScreen.storyboard in Resources */,
				7DC2C5781DFCAC92007F5AFF /* GoogleService-Info.plist in Resources */,
				7DAC8C051DFC7728005D170D /* Assets.xcassets in Resources */,
				7DAC8C031DFC7728005D170D /* Main.storyboard in Resources */,
			);
			runOnlyForDeploymentPostprocessing = 0;
		};
/* End PBXResourcesBuildPhase section */

/* Begin PBXShellScriptBuildPhase section */
		BBA1383358ED5FA592D1E6E1 /* [CP] Copy Pods Resources */ = {
			isa = PBXShellScriptBuildPhase;
			buildActionMask = 2147483647;
			files = (
			);
			inputPaths = (
			);
			name = "[CP] Copy Pods Resources";
			outputPaths = (
			);
			runOnlyForDeploymentPostprocessing = 0;
			shellPath = /bin/sh;
			shellScript = "\"${SRCROOT}/Pods/Target Support Files/Pods-Calamity Control/Pods-Calamity Control-resources.sh\"\n";
			showEnvVarsInLog = 0;
		};
		C072DD8E9EF4D2E903CBD8C3 /* [CP] Check Pods Manifest.lock */ = {
			isa = PBXShellScriptBuildPhase;
			buildActionMask = 2147483647;
			files = (
			);
			inputPaths = (
			);
			name = "[CP] Check Pods Manifest.lock";
			outputPaths = (
			);
			runOnlyForDeploymentPostprocessing = 0;
			shellPath = /bin/sh;
			shellScript = "diff \"${PODS_ROOT}/../Podfile.lock\" \"${PODS_ROOT}/Manifest.lock\" > /dev/null\nif [ $? != 0 ] ; then\n    # print error to STDERR\n    echo \"error: The sandbox is not in sync with the Podfile.lock. Run 'pod install' or update your CocoaPods installation.\" >&2\n    exit 1\nfi\n";
			showEnvVarsInLog = 0;
		};
		E625FFA4ED9F4BE275AF1E4C /* [CP] Embed Pods Frameworks */ = {
			isa = PBXShellScriptBuildPhase;
			buildActionMask = 2147483647;
			files = (
			);
			inputPaths = (
			);
			name = "[CP] Embed Pods Frameworks";
			outputPaths = (
			);
			runOnlyForDeploymentPostprocessing = 0;
			shellPath = /bin/sh;
			shellScript = "\"${SRCROOT}/Pods/Target Support Files/Pods-Calamity Control/Pods-Calamity Control-frameworks.sh\"\n";
			showEnvVarsInLog = 0;
		};
/* End PBXShellScriptBuildPhase section */

/* Begin PBXSourcesBuildPhase section */
		7DAC8BF61DFC7728005D170D /* Sources */ = {
			isa = PBXSourcesBuildPhase;
			buildActionMask = 2147483647;
			files = (
				7DAC8C001DFC7728005D170D /* MainVC.swift in Sources */,
				7D6D514C1DFC90CE00B9FFBE /* DonatersVC.swift in Sources */,
				7DC2C5801DFCCA62007F5AFF /* VolunteerData.swift in Sources */,
				7DC2C57A1DFCB0B9007F5AFF /* CustomCell.swift in Sources */,
				7DAC8BFE1DFC7728005D170D /* AppDelegate.swift in Sources */,
				7DAC8C131DFC7CF6005D170D /* CircularButton.swift in Sources */,
				7D6D51521DFCA28400B9FFBE /* VolunteersVC.swift in Sources */,
				7DAC8C161DFC7D66005D170D /* Constants.swift in Sources */,
				7DC2C57C1DFCB0E9007F5AFF /* DonaterData.swift in Sources */,
				7DC2C5821DFD1442007F5AFF /* Report.swift in Sources */,
				7D6D51501DFCA27000B9FFBE /* MapVC.swift in Sources */,
				7D6D514A1DFC8F5300B9FFBE /* DetailsVC.swift in Sources */,
				7DC2C57E1DFCC7DA007F5AFF /* VolunteerCell.swift in Sources */,
				7D6D514E1DFC90EF00B9FFBE /* EmergencyVC.swift in Sources */,
			);
			runOnlyForDeploymentPostprocessing = 0;
		};
/* End PBXSourcesBuildPhase section */

/* Begin PBXVariantGroup section */
		7DAC8C011DFC7728005D170D /* Main.storyboard */ = {
			isa = PBXVariantGroup;
			children = (
				7DAC8C021DFC7728005D170D /* Base */,
			);
			name = Main.storyboard;
			sourceTree = "<group>";
		};
		7DAC8C061DFC7728005D170D /* LaunchScreen.storyboard */ = {
			isa = PBXVariantGroup;
			children = (
				7DAC8C071DFC7728005D170D /* Base */,
			);
			name = LaunchScreen.storyboard;
			sourceTree = "<group>";
		};
/* End PBXVariantGroup section */

/* Begin XCBuildConfiguration section */
		7DAC8C0A1DFC7728005D170D /* Debug */ = {
			isa = XCBuildConfiguration;
			buildSettings = {
				ALWAYS_SEARCH_USER_PATHS = NO;
				CLANG_ANALYZER_NONNULL = YES;
				CLANG_CXX_LANGUAGE_STANDARD = "gnu++0x";
				CLANG_CXX_LIBRARY = "libc++";
				CLANG_ENABLE_MODULES = YES;
				CLANG_ENABLE_OBJC_ARC = YES;
				CLANG_WARN_BOOL_CONVERSION = YES;
				CLANG_WARN_CONSTANT_CONVERSION = YES;
				CLANG_WARN_DIRECT_OBJC_ISA_USAGE = YES_ERROR;
				CLANG_WARN_DOCUMENTATION_COMMENTS = YES;
				CLANG_WARN_EMPTY_BODY = YES;
				CLANG_WARN_ENUM_CONVERSION = YES;
				CLANG_WARN_INFINITE_RECURSION = YES;
				CLANG_WARN_INT_CONVERSION = YES;
				CLANG_WARN_OBJC_ROOT_CLASS = YES_ERROR;
				CLANG_WARN_SUSPICIOUS_MOVES = YES;
				CLANG_WARN_UNREACHABLE_CODE = YES;
				CLANG_WARN__DUPLICATE_METHOD_MATCH = YES;
				"CODE_SIGN_IDENTITY[sdk=iphoneos*]" = "iPhone Developer";
				COPY_PHASE_STRIP = NO;
				DEBUG_INFORMATION_FORMAT = dwarf;
				ENABLE_STRICT_OBJC_MSGSEND = YES;
				ENABLE_TESTABILITY = YES;
				GCC_C_LANGUAGE_STANDARD = gnu99;
				GCC_DYNAMIC_NO_PIC = NO;
				GCC_NO_COMMON_BLOCKS = YES;
				GCC_OPTIMIZATION_LEVEL = 0;
				GCC_PREPROCESSOR_DEFINITIONS = (
					"DEBUG=1",
					"$(inherited)",
				);
				GCC_WARN_64_TO_32_BIT_CONVERSION = YES;
				GCC_WARN_ABOUT_RETURN_TYPE = YES_ERROR;
				GCC_WARN_UNDECLARED_SELECTOR = YES;
				GCC_WARN_UNINITIALIZED_AUTOS = YES_AGGRESSIVE;
				GCC_WARN_UNUSED_FUNCTION = YES;
				GCC_WARN_UNUSED_VARIABLE = YES;
				IPHONEOS_DEPLOYMENT_TARGET = 10.1;
				MTL_ENABLE_DEBUG_INFO = YES;
				ONLY_ACTIVE_ARCH = YES;
				SDKROOT = iphoneos;
				SWIFT_ACTIVE_COMPILATION_CONDITIONS = DEBUG;
				SWIFT_OPTIMIZATION_LEVEL = "-Onone";
				TARGETED_DEVICE_FAMILY = "1,2";
			};
			name = Debug;
		};
		7DAC8C0B1DFC7728005D170D /* Release */ = {
			isa = XCBuildConfiguration;
			buildSettings = {
				ALWAYS_SEARCH_USER_PATHS = NO;
				CLANG_ANALYZER_NONNULL = YES;
				CLANG_CXX_LANGUAGE_STANDARD = "gnu++0x";
				CLANG_CXX_LIBRARY = "libc++";
				CLANG_ENABLE_MODULES = YES;
				CLANG_ENABLE_OBJC_ARC = YES;
				CLANG_WARN_BOOL_CONVERSION = YES;
				CLANG_WARN_CONSTANT_CONVERSION = YES;
				CLANG_WARN_DIRECT_OBJC_ISA_USAGE = YES_ERROR;
				CLANG_WARN_DOCUMENTATION_COMMENTS = YES;
				CLANG_WARN_EMPTY_BODY = YES;
				CLANG_WARN_ENUM_CONVERSION = YES;
				CLANG_WARN_INFINITE_RECURSION = YES;
				CLANG_WARN_INT_CONVERSION = YES;
				CLANG_WARN_OBJC_ROOT_CLASS = YES_ERROR;
				CLANG_WARN_SUSPICIOUS_MOVES = YES;
				CLANG_WARN_UNREACHABLE_CODE = YES;
				CLANG_WARN__DUPLICATE_METHOD_MATCH = YES;
				"CODE_SIGN_IDENTITY[sdk=iphoneos*]" = "iPhone Developer";
				COPY_PHASE_STRIP = NO;
				DEBUG_INFORMATION_FORMAT = "dwarf-with-dsym";
				ENABLE_NS_ASSERTIONS = NO;
				ENABLE_STRICT_OBJC_MSGSEND = YES;
				GCC_C_LANGUAGE_STANDARD = gnu99;
				GCC_NO_COMMON_BLOCKS = YES;
				GCC_WARN_64_TO_32_BIT_CONVERSION = YES;
				GCC_WARN_ABOUT_RETURN_TYPE = YES_ERROR;
				GCC_WARN_UNDECLARED_SELECTOR = YES;
				GCC_WARN_UNINITIALIZED_AUTOS = YES_AGGRESSIVE;
				GCC_WARN_UNUSED_FUNCTION = YES;
				GCC_WARN_UNUSED_VARIABLE = YES;
				IPHONEOS_DEPLOYMENT_TARGET = 10.1;
				MTL_ENABLE_DEBUG_INFO = NO;
				SDKROOT = iphoneos;
				SWIFT_OPTIMIZATION_LEVEL = "-Owholemodule";
				TARGETED_DEVICE_FAMILY = "1,2";
				VALIDATE_PRODUCT = YES;
			};
			name = Release;
		};
		7DAC8C0D1DFC7728005D170D /* Debug */ = {
			isa = XCBuildConfiguration;
			baseConfigurationReference = 98CA873BAF153B669245136B /* Pods-Calamity Control.debug.xcconfig */;
			buildSettings = {
				ASSETCATALOG_COMPILER_APPICON_NAME = AppIcon;
				INFOPLIST_FILE = "Calamity Control/Info.plist";
				LD_RUNPATH_SEARCH_PATHS = "$(inherited) @executable_path/Frameworks";
				PRODUCT_BUNDLE_IDENTIFIER = "com.darshan.Calamity-Control";
				PRODUCT_NAME = "$(TARGET_NAME)";
				SWIFT_VERSION = 3.0;
			};
			name = Debug;
		};
		7DAC8C0E1DFC7728005D170D /* Release */ = {
			isa = XCBuildConfiguration;
			baseConfigurationReference = 8BFB6BFF627F4B3C59364C66 /* Pods-Calamity Control.release.xcconfig */;
			buildSettings = {
				ASSETCATALOG_COMPILER_APPICON_NAME = AppIcon;
				INFOPLIST_FILE = "Calamity Control/Info.plist";
				LD_RUNPATH_SEARCH_PATHS = "$(inherited) @executable_path/Frameworks";
				PRODUCT_BUNDLE_IDENTIFIER = "com.darshan.Calamity-Control";
				PRODUCT_NAME = "$(TARGET_NAME)";
				SWIFT_VERSION = 3.0;
			};
			name = Release;
		};
/* End XCBuildConfiguration section */

/* Begin XCConfigurationList section */
		7DAC8BF51DFC7728005D170D /* Build configuration list for PBXProject "Calamity Control" */ = {
			isa = XCConfigurationList;
			buildConfigurations = (
				7DAC8C0A1DFC7728005D170D /* Debug */,
				7DAC8C0B1DFC7728005D170D /* Release */,
			);
			defaultConfigurationIsVisible = 0;
			defaultConfigurationName = Release;
		};
		7DAC8C0C1DFC7728005D170D /* Build configuration list for PBXNativeTarget "Calamity Control" */ = {
			isa = XCConfigurationList;
			buildConfigurations = (
				7DAC8C0D1DFC7728005D170D /* Debug */,
				7DAC8C0E1DFC7728005D170D /* Release */,
			);
			defaultConfigurationIsVisible = 0;
			defaultConfigurationName = Release;
		};
/* End XCConfigurationList section */
	};
	rootObject = 7DAC8BF21DFC7728005D170D /* Project object */;
}
